
Microsoft Visual Studio Solution File, Format Version 12.00
# Visual Studio Version 16
VisualStudioVersion = 16.0.29728.190
MinimumVisualStudioVersion = 10.0.40219.1
Project("{FAE04EC0-301F-11D3-BF4B-00C04F79EFBC}") = "Organizer", "Organizer\Organizer.csproj", "{CE93113F-A0A1-4994-9043-9030DF8FFEE7}"
EndProject
Global
	GlobalSection(SolutionConfigurationPlatforms) = preSolution
		Debug|Any CPU = Debug|Any CPU
		Release|Any CPU = Release|Any CPU
	EndGlobalSection
	GlobalSection(ProjectConfigurationPlatforms) = postSolution
		{CE93113F-A0A1-4994-9043-9030DF8FFEE7}.Debug|Any CPU.ActiveCfg = Debug|Any CPU
		{CE93113F-A0A1-4994-9043-9030DF8FFEE7}.Debug|Any CPU.Build.0 = Debug|Any CPU
		{CE93113F-A0A1-4994-9043-9030DF8FFEE7}.Release|Any CPU.ActiveCfg = Release|Any CPU
		{CE93113F-A0A1-4994-9043-9030DF8FFEE7}.Release|Any CPU.Build.0 = Release|Any CPU
	EndGlobalSection
	GlobalSection(SolutionProperties) = preSolution
		HideSolutionNode = FALSE
	EndGlobalSection
	GlobalSection(ExtensibilityGlobals) = postSolution
		SolutionGuid = {A9780BC6-FBC3-4A6F-B66C-59C47767057C}
	EndGlobalSection
EndGlobal
